
Microsoft Visual Studio Solution File, Format Version 12.00
# Visual Studio Version 16
VisualStudioVersion = 16.0.31515.178
MinimumVisualStudioVersion = 10.0.40219.1
Project("{FAE04EC0-301F-11D3-BF4B-00C04F79EFBC}") = "DesafioNF_v2", "DesafioNF_v2.csproj", "{E94223A7-E785-47EE-98CD-486E0D9A4CA7}"
EndProject
Global
	GlobalSection(SolutionConfigurationPlatforms) = preSolution
		Debug|Any CPU = Debug|Any CPU
		Release|Any CPU = Release|Any CPU
	EndGlobalSection
	GlobalSection(ProjectConfigurationPlatforms) = postSolution
		{E94223A7-E785-47EE-98CD-486E0D9A4CA7}.Debug|Any CPU.ActiveCfg = Debug|Any CPU
		{E94223A7-E785-47EE-98CD-486E0D9A4CA7}.Debug|Any CPU.Build.0 = Debug|Any CPU
		{E94223A7-E785-47EE-98CD-486E0D9A4CA7}.Release|Any CPU.ActiveCfg = Release|Any CPU
		{E94223A7-E785-47EE-98CD-486E0D9A4CA7}.Release|Any CPU.Build.0 = Release|Any CPU
	EndGlobalSection
	GlobalSection(SolutionProperties) = preSolution
		HideSolutionNode = FALSE
	EndGlobalSection
	GlobalSection(ExtensibilityGlobals) = postSolution
		SolutionGuid = {FBD3CC3E-E23E-4044-BB06-9D5B18E449B1}
	EndGlobalSection
EndGlobal
